// !$*UTF8*$!
{
	archiveVersion = 1;
	classes = {
	};
	objectVersion = 46;
	objects = {

/* Begin PBXBuildFile section */
		F43FAD4A19DD3C2300C620E8 /* Foundation.framework in Frameworks */ = {isa = PBXBuildFile; fileRef = F43FAD4919DD3C2300C620E8 /* Foundation.framework */; };
		F43FAD4C19DD3C2300C620E8 /* CoreGraphics.framework in Frameworks */ = {isa = PBXBuildFile; fileRef = F43FAD4B19DD3C2300C620E8 /* CoreGraphics.framework */; };
		F43FAD4E19DD3C2300C620E8 /* UIKit.framework in Frameworks */ = {isa = PBXBuildFile; fileRef = F43FAD4D19DD3C2300C620E8 /* UIKit.framework */; };
		F43FAD5419DD3C2400C620E8 /* InfoPlist.strings in Resources */ = {isa = PBXBuildFile; fileRef = F43FAD5219DD3C2400C620E8 /* InfoPlist.strings */; };
		F43FAD5619DD3C2400C620E8 /* main.m in Sources */ = {isa = PBXBuildFile; fileRef = F43FAD5519DD3C2400C620E8 /* main.m */; };
		F43FAD5A19DD3C2400C620E8 /* AppDelegate.m in Sources */ = {isa = PBXBuildFile; fileRef = F43FAD5919DD3C2400C620E8 /* AppDelegate.m */; };
		F43FAD5C19DD3C2400C620E8 /* Images.xcassets in Resources */ = {isa = PBXBuildFile; fileRef = F43FAD5B19DD3C2400C620E8 /* Images.xcassets */; };
		F43FAD6319DD3C2400C620E8 /* XCTest.framework in Frameworks */ = {isa = PBXBuildFile; fileRef = F43FAD6219DD3C2400C620E8 /* XCTest.framework */; };
		F43FAD6419DD3C2400C620E8 /* Foundation.framework in Frameworks */ = {isa = PBXBuildFile; fileRef = F43FAD4919DD3C2300C620E8 /* Foundation.framework */; };
		F43FAD6519DD3C2400C620E8 /* UIKit.framework in Frameworks */ = {isa = PBXBuildFile; fileRef = F43FAD4D19DD3C2300C620E8 /* UIKit.framework */; };
		F43FAD6D19DD3C2400C620E8 /* InfoPlist.strings in Resources */ = {isa = PBXBuildFile; fileRef = F43FAD6B19DD3C2400C620E8 /* InfoPlist.strings */; };
		F43FAD6F19DD3C2400C620E8 /* FigureMeTests.m in Sources */ = {isa = PBXBuildFile; fileRef = F43FAD6E19DD3C2400C620E8 /* FigureMeTests.m */; };
		F43FAD9219DD500100C620E8 /* Storyboard.storyboard in Resources */ = {isa = PBXBuildFile; fileRef = F43FAD9119DD500100C620E8 /* Storyboard.storyboard */; };
		F43FAD9319DD500100C620E8 /* Storyboard.storyboard in Resources */ = {isa = PBXBuildFile; fileRef = F43FAD9119DD500100C620E8 /* Storyboard.storyboard */; };
		F43FAD9B19DD558300C620E8 /* LoginController.m in Sources */ = {isa = PBXBuildFile; fileRef = F43FAD9A19DD558300C620E8 /* LoginController.m */; };
		F43FAD9C19DD558300C620E8 /* LoginController.m in Sources */ = {isa = PBXBuildFile; fileRef = F43FAD9A19DD558300C620E8 /* LoginController.m */; };
		F43FAD9F19DD55A700C620E8 /* RegisterController.m in Sources */ = {isa = PBXBuildFile; fileRef = F43FAD9E19DD55A700C620E8 /* RegisterController.m */; };
		F43FADA019DD55A700C620E8 /* RegisterController.m in Sources */ = {isa = PBXBuildFile; fileRef = F43FAD9E19DD55A700C620E8 /* RegisterController.m */; };
		F43FADB219DD71A800C620E8 /* DashboardController.m in Sources */ = {isa = PBXBuildFile; fileRef = F43FADB119DD71A800C620E8 /* DashboardController.m */; };
		F43FADB319DD71A800C620E8 /* DashboardController.m in Sources */ = {isa = PBXBuildFile; fileRef = F43FADB119DD71A800C620E8 /* DashboardController.m */; };
		F43FADC619DD93AE00C620E8 /* AMSlideMenuContentSegue.m in Sources */ = {isa = PBXBuildFile; fileRef = F43FADB819DD93AE00C620E8 /* AMSlideMenuContentSegue.m */; };
		F43FADC719DD93AE00C620E8 /* AMSlideMenuContentSegue.m in Sources */ = {isa = PBXBuildFile; fileRef = F43FADB819DD93AE00C620E8 /* AMSlideMenuContentSegue.m */; };
		F43FADC819DD93AE00C620E8 /* AMSlideMenuLeftMenuSegue.m in Sources */ = {isa = PBXBuildFile; fileRef = F43FADBA19DD93AE00C620E8 /* AMSlideMenuLeftMenuSegue.m */; };
		F43FADC919DD93AE00C620E8 /* AMSlideMenuLeftMenuSegue.m in Sources */ = {isa = PBXBuildFile; fileRef = F43FADBA19DD93AE00C620E8 /* AMSlideMenuLeftMenuSegue.m */; };
		F43FADCA19DD93AE00C620E8 /* AMSlideMenuLeftTableViewController.m in Sources */ = {isa = PBXBuildFile; fileRef = F43FADBC19DD93AE00C620E8 /* AMSlideMenuLeftTableViewController.m */; };
		F43FADCB19DD93AE00C620E8 /* AMSlideMenuLeftTableViewController.m in Sources */ = {isa = PBXBuildFile; fileRef = F43FADBC19DD93AE00C620E8 /* AMSlideMenuLeftTableViewController.m */; };
		F43FADCC19DD93AE00C620E8 /* AMSlideMenuMainViewController.m in Sources */ = {isa = PBXBuildFile; fileRef = F43FADBE19DD93AE00C620E8 /* AMSlideMenuMainViewController.m */; };
		F43FADCD19DD93AE00C620E8 /* AMSlideMenuMainViewController.m in Sources */ = {isa = PBXBuildFile; fileRef = F43FADBE19DD93AE00C620E8 /* AMSlideMenuMainViewController.m */; };
		F43FADCE19DD93AE00C620E8 /* AMSlideMenuRightMenuSegue.m in Sources */ = {isa = PBXBuildFile; fileRef = F43FADC119DD93AE00C620E8 /* AMSlideMenuRightMenuSegue.m */; };
		F43FADCF19DD93AE00C620E8 /* AMSlideMenuRightMenuSegue.m in Sources */ = {isa = PBXBuildFile; fileRef = F43FADC119DD93AE00C620E8 /* AMSlideMenuRightMenuSegue.m */; };
		F43FADD019DD93AE00C620E8 /* AMSlideMenuRightTableViewController.m in Sources */ = {isa = PBXBuildFile; fileRef = F43FADC319DD93AE00C620E8 /* AMSlideMenuRightTableViewController.m */; };
		F43FADD119DD93AE00C620E8 /* AMSlideMenuRightTableViewController.m in Sources */ = {isa = PBXBuildFile; fileRef = F43FADC319DD93AE00C620E8 /* AMSlideMenuRightTableViewController.m */; };
		F43FADD219DD93AE00C620E8 /* UIViewController+AMSlideMenu.m in Sources */ = {isa = PBXBuildFile; fileRef = F43FADC519DD93AE00C620E8 /* UIViewController+AMSlideMenu.m */; };
		F43FADD319DD93AE00C620E8 /* UIViewController+AMSlideMenu.m in Sources */ = {isa = PBXBuildFile; fileRef = F43FADC519DD93AE00C620E8 /* UIViewController+AMSlideMenu.m */; };
		F43FADD619DD94A100C620E8 /* RightMenuVC.m in Sources */ = {isa = PBXBuildFile; fileRef = F43FADD519DD94A100C620E8 /* RightMenuVC.m */; };
		F43FADD719DD94A100C620E8 /* RightMenuVC.m in Sources */ = {isa = PBXBuildFile; fileRef = F43FADD519DD94A100C620E8 /* RightMenuVC.m */; };
		F43FADDA19DD983000C620E8 /* MenuContainerVC.m in Sources */ = {isa = PBXBuildFile; fileRef = F43FADD919DD983000C620E8 /* MenuContainerVC.m */; };
		F43FADDB19DD983000C620E8 /* MenuContainerVC.m in Sources */ = {isa = PBXBuildFile; fileRef = F43FADD919DD983000C620E8 /* MenuContainerVC.m */; };
		F440AFCD19E2A19D008F7566 /* CommanFunctions.m in Sources */ = {isa = PBXBuildFile; fileRef = F440AFCC19E2A19D008F7566 /* CommanFunctions.m */; };
		F440AFCE19E2A19D008F7566 /* CommanFunctions.m in Sources */ = {isa = PBXBuildFile; fileRef = F440AFCC19E2A19D008F7566 /* CommanFunctions.m */; };
		F440AFD619E2B582008F7566 /* header-part.png in Resources */ = {isa = PBXBuildFile; fileRef = F440AFD019E2B582008F7566 /* header-part.png */; };
		F440AFD719E2B582008F7566 /* header-part.png in Resources */ = {isa = PBXBuildFile; fileRef = F440AFD019E2B582008F7566 /* header-part.png */; };
		F440AFD819E2B582008F7566 /* menu.png in Resources */ = {isa = PBXBuildFile; fileRef = F440AFD119E2B582008F7566 /* menu.png */; };
		F440AFD919E2B582008F7566 /* menu.png in Resources */ = {isa = PBXBuildFile; fileRef = F440AFD119E2B582008F7566 /* menu.png */; };
		F440AFDA19E2B582008F7566 /* logo.png in Resources */ = {isa = PBXBuildFile; fileRef = F440AFD219E2B582008F7566 /* logo.png */; };
		F440AFDB19E2B582008F7566 /* logo.png in Resources */ = {isa = PBXBuildFile; fileRef = F440AFD219E2B582008F7566 /* logo.png */; };
		F440AFDC19E2B582008F7566 /* notification.png in Resources */ = {isa = PBXBuildFile; fileRef = F440AFD319E2B582008F7566 /* notification.png */; };
		F440AFDD19E2B582008F7566 /* notification.png in Resources */ = {isa = PBXBuildFile; fileRef = F440AFD319E2B582008F7566 /* notification.png */; };
		F440AFDE19E2B582008F7566 /* screen shot.jpg in Resources */ = {isa = PBXBuildFile; fileRef = F440AFD419E2B582008F7566 /* screen shot.jpg */; };
		F440AFDF19E2B582008F7566 /* screen shot.jpg in Resources */ = {isa = PBXBuildFile; fileRef = F440AFD419E2B582008F7566 /* screen shot.jpg */; };
		F440AFE019E2B582008F7566 /* bg.png in Resources */ = {isa = PBXBuildFile; fileRef = F440AFD519E2B582008F7566 /* bg.png */; };
		F440AFE119E2B582008F7566 /* bg.png in Resources */ = {isa = PBXBuildFile; fileRef = F440AFD519E2B582008F7566 /* bg.png */; };
		F440AFEC19E2B5B7008F7566 /* login.png in Resources */ = {isa = PBXBuildFile; fileRef = F440AFE419E2B5B7008F7566 /* login.png */; };
		F440AFED19E2B5B7008F7566 /* login.png in Resources */ = {isa = PBXBuildFile; fileRef = F440AFE419E2B5B7008F7566 /* login.png */; };
		F440AFEE19E2B5B7008F7566 /* logo.png in Resources */ = {isa = PBXBuildFile; fileRef = F440AFE519E2B5B7008F7566 /* logo.png */; };
		F440AFEF19E2B5B7008F7566 /* logo.png in Resources */ = {isa = PBXBuildFile; fileRef = F440AFE519E2B5B7008F7566 /* logo.png */; };
		F440AFF019E2B5B7008F7566 /* password-hint.png in Resources */ = {isa = PBXBuildFile; fileRef = F440AFE619E2B5B7008F7566 /* password-hint.png */; };
		F440AFF119E2B5B7008F7566 /* password-hint.png in Resources */ = {isa = PBXBuildFile; fileRef = F440AFE619E2B5B7008F7566 /* password-hint.png */; };
		F440AFF219E2B5B7008F7566 /* password.png in Resources */ = {isa = PBXBuildFile; fileRef = F440AFE719E2B5B7008F7566 /* password.png */; };
		F440AFF319E2B5B7008F7566 /* password.png in Resources */ = {isa = PBXBuildFile; fileRef = F440AFE719E2B5B7008F7566 /* password.png */; };
		F440AFF419E2B5B7008F7566 /* register.png in Resources */ = {isa = PBXBuildFile; fileRef = F440AFE819E2B5B7008F7566 /* register.png */; };
		F440AFF519E2B5B7008F7566 /* register.png in Resources */ = {isa = PBXBuildFile; fileRef = F440AFE819E2B5B7008F7566 /* register.png */; };
		F440AFF619E2B5B7008F7566 /* screen-shot.jpg in Resources */ = {isa = PBXBuildFile; fileRef = F440AFE919E2B5B7008F7566 /* screen-shot.jpg */; };
		F440AFF719E2B5B7008F7566 /* screen-shot.jpg in Resources */ = {isa = PBXBuildFile; fileRef = F440AFE919E2B5B7008F7566 /* screen-shot.jpg */; };
		F440AFF819E2B5B7008F7566 /* username-bg.png in Resources */ = {isa = PBXBuildFile; fileRef = F440AFEA19E2B5B7008F7566 /* username-bg.png */; };
		F440AFF919E2B5B7008F7566 /* username-bg.png in Resources */ = {isa = PBXBuildFile; fileRef = F440AFEA19E2B5B7008F7566 /* username-bg.png */; };
		F440AFFA19E2B5B7008F7566 /* username.png in Resources */ = {isa = PBXBuildFile; fileRef = F440AFEB19E2B5B7008F7566 /* username.png */; };
		F440AFFB19E2B5B7008F7566 /* username.png in Resources */ = {isa = PBXBuildFile; fileRef = F440AFEB19E2B5B7008F7566 /* username.png */; };
		F440B00619E2B5C4008F7566 /* cancel.png in Resources */ = {isa = PBXBuildFile; fileRef = F440AFFC19E2B5C4008F7566 /* cancel.png */; };
		F440B00719E2B5C4008F7566 /* cancel.png in Resources */ = {isa = PBXBuildFile; fileRef = F440AFFC19E2B5C4008F7566 /* cancel.png */; };
		F440B00819E2B5C4008F7566 /* email.png in Resources */ = {isa = PBXBuildFile; fileRef = F440AFFD19E2B5C4008F7566 /* email.png */; };
		F440B00919E2B5C4008F7566 /* email.png in Resources */ = {isa = PBXBuildFile; fileRef = F440AFFD19E2B5C4008F7566 /* email.png */; };
		F440B00A19E2B5C4008F7566 /* header-part.png in Resources */ = {isa = PBXBuildFile; fileRef = F440AFFE19E2B5C4008F7566 /* header-part.png */; };
		F440B00B19E2B5C4008F7566 /* header-part.png in Resources */ = {isa = PBXBuildFile; fileRef = F440AFFE19E2B5C4008F7566 /* header-part.png */; };
		F440B00C19E2B5C4008F7566 /* logo.png in Resources */ = {isa = PBXBuildFile; fileRef = F440AFFF19E2B5C4008F7566 /* logo.png */; };
		F440B00D19E2B5C4008F7566 /* logo.png in Resources */ = {isa = PBXBuildFile; fileRef = F440AFFF19E2B5C4008F7566 /* logo.png */; };
		F440B00E19E2B5C4008F7566 /* password.png in Resources */ = {isa = PBXBuildFile; fileRef = F440B00019E2B5C4008F7566 /* password.png */; };
		F440B00F19E2B5C4008F7566 /* password.png in Resources */ = {isa = PBXBuildFile; fileRef = F440B00019E2B5C4008F7566 /* password.png */; };
		F440B01019E2B5C4008F7566 /* reapeat-password.png in Resources */ = {isa = PBXBuildFile; fileRef = F440B00119E2B5C4008F7566 /* reapeat-password.png */; };
		F440B01119E2B5C4008F7566 /* reapeat-password.png in Resources */ = {isa = PBXBuildFile; fileRef = F440B00119E2B5C4008F7566 /* reapeat-password.png */; };
		F440B01219E2B5C4008F7566 /* register.png in Resources */ = {isa = PBXBuildFile; fileRef = F440B00219E2B5C4008F7566 /* register.png */; };
		F440B01319E2B5C4008F7566 /* register.png in Resources */ = {isa = PBXBuildFile; fileRef = F440B00219E2B5C4008F7566 /* register.png */; };
		F440B01419E2B5C4008F7566 /* screen-shot.jpg in Resources */ = {isa = PBXBuildFile; fileRef = F440B00319E2B5C4008F7566 /* screen-shot.jpg */; };
		F440B01519E2B5C4008F7566 /* screen-shot.jpg in Resources */ = {isa = PBXBuildFile; fileRef = F440B00319E2B5C4008F7566 /* screen-shot.jpg */; };
		F440B01619E2B5C4008F7566 /* username-bg.png in Resources */ = {isa = PBXBuildFile; fileRef = F440B00419E2B5C4008F7566 /* username-bg.png */; };
		F440B01719E2B5C4008F7566 /* username-bg.png in Resources */ = {isa = PBXBuildFile; fileRef = F440B00419E2B5C4008F7566 /* username-bg.png */; };
		F440B01819E2B5C4008F7566 /* username.png in Resources */ = {isa = PBXBuildFile; fileRef = F440B00519E2B5C4008F7566 /* username.png */; };
		F440B01919E2B5C4008F7566 /* username.png in Resources */ = {isa = PBXBuildFile; fileRef = F440B00519E2B5C4008F7566 /* username.png */; };
		F4C1E5B119DE7C16003C108A /* Storyboard-iPad.storyboard in Resources */ = {isa = PBXBuildFile; fileRef = F4C1E5B019DE7C16003C108A /* Storyboard-iPad.storyboard */; };
		F4C1E5B219DE7C16003C108A /* Storyboard-iPad.storyboard in Resources */ = {isa = PBXBuildFile; fileRef = F4C1E5B019DE7C16003C108A /* Storyboard-iPad.storyboard */; };
		F4C1E5B519DE82F4003C108A /* menuicon@2x.png in Resources */ = {isa = PBXBuildFile; fileRef = F4C1E5B419DE82F4003C108A /* menuicon@2x.png */; };
		F4C1E5B619DE82F4003C108A /* menuicon@2x.png in Resources */ = {isa = PBXBuildFile; fileRef = F4C1E5B419DE82F4003C108A /* menuicon@2x.png */; };
		F4C1E5C119DE87DF003C108A /* ProfileController.m in Sources */ = {isa = PBXBuildFile; fileRef = F4C1E5C019DE87DF003C108A /* ProfileController.m */; };
		F4C1E5C219DE87DF003C108A /* ProfileController.m in Sources */ = {isa = PBXBuildFile; fileRef = F4C1E5C019DE87DF003C108A /* ProfileController.m */; };
		F4C1E5C519DE880C003C108A /* NotificationController.m in Sources */ = {isa = PBXBuildFile; fileRef = F4C1E5C419DE880C003C108A /* NotificationController.m */; };
		F4C1E5C619DE880C003C108A /* NotificationController.m in Sources */ = {isa = PBXBuildFile; fileRef = F4C1E5C419DE880C003C108A /* NotificationController.m */; };
		F4C1E5C819DEA0C5003C108A /* messageicon@2x.png in Resources */ = {isa = PBXBuildFile; fileRef = F4C1E5C719DEA0C5003C108A /* messageicon@2x.png */; };
		F4C1E5C919DEA0C5003C108A /* messageicon@2x.png in Resources */ = {isa = PBXBuildFile; fileRef = F4C1E5C719DEA0C5003C108A /* messageicon@2x.png */; };
		F4C1E5CC19DEB8B6003C108A /* ProfileEditViewController.m in Sources */ = {isa = PBXBuildFile; fileRef = F4C1E5CB19DEB8B6003C108A /* ProfileEditViewController.m */; };
		F4C1E5CD19DEB8B6003C108A /* ProfileEditViewController.m in Sources */ = {isa = PBXBuildFile; fileRef = F4C1E5CB19DEB8B6003C108A /* ProfileEditViewController.m */; };
		F4C1E5D019DEC587003C108A /* TestController.m in Sources */ = {isa = PBXBuildFile; fileRef = F4C1E5CF19DEC587003C108A /* TestController.m */; };
		F4C1E5D119DEC587003C108A /* TestController.m in Sources */ = {isa = PBXBuildFile; fileRef = F4C1E5CF19DEC587003C108A /* TestController.m */; };
/* End PBXBuildFile section */

/* Begin PBXContainerItemProxy section */
		F43FAD6619DD3C2400C620E8 /* PBXContainerItemProxy */ = {
			isa = PBXContainerItemProxy;
			containerPortal = F43FAD3E19DD3C2300C620E8 /* Project object */;
			proxyType = 1;
			remoteGlobalIDString = F43FAD4519DD3C2300C620E8;
			remoteInfo = FigureMe;
		};
/* End PBXContainerItemProxy section */

/* Begin PBXFileReference section */
		F43FAD4619DD3C2300C620E8 /* FigureMe.app */ = {isa = PBXFileReference; explicitFileType = wrapper.application; includeInIndex = 0; path = FigureMe.app; sourceTree = BUILT_PRODUCTS_DIR; };
		F43FAD4919DD3C2300C620E8 /* Foundation.framework */ = {isa = PBXFileReference; lastKnownFileType = wrapper.framework; name = Foundation.framework; path = System/Library/Frameworks/Foundation.framework; sourceTree = SDKROOT; };
		F43FAD4B19DD3C2300C620E8 /* CoreGraphics.framework */ = {isa = PBXFileReference; lastKnownFileType = wrapper.framework; name = CoreGraphics.framework; path = System/Library/Frameworks/CoreGraphics.framework; sourceTree = SDKROOT; };
		F43FAD4D19DD3C2300C620E8 /* UIKit.framework */ = {isa = PBXFileReference; lastKnownFileType = wrapper.framework; name = UIKit.framework; path = System/Library/Frameworks/UIKit.framework; sourceTree = SDKROOT; };
		F43FAD5119DD3C2400C620E8 /* FigureMe-Info.plist */ = {isa = PBXFileReference; lastKnownFileType = text.plist.xml; path = "FigureMe-Info.plist"; sourceTree = "<group>"; };
		F43FAD5319DD3C2400C620E8 /* en */ = {isa = PBXFileReference; lastKnownFileType = text.plist.strings; name = en; path = en.lproj/InfoPlist.strings; sourceTree = "<group>"; };
		F43FAD5519DD3C2400C620E8 /* main.m */ = {isa = PBXFileReference; lastKnownFileType = sourcecode.c.objc; path = main.m; sourceTree = "<group>"; };
		F43FAD5719DD3C2400C620E8 /* FigureMe-Prefix.pch */ = {isa = PBXFileReference; lastKnownFileType = sourcecode.c.h; path = "FigureMe-Prefix.pch"; sourceTree = "<group>"; };
		F43FAD5819DD3C2400C620E8 /* AppDelegate.h */ = {isa = PBXFileReference; lastKnownFileType = sourcecode.c.h; path = AppDelegate.h; sourceTree = "<group>"; };
		F43FAD5919DD3C2400C620E8 /* AppDelegate.m */ = {isa = PBXFileReference; lastKnownFileType = sourcecode.c.objc; path = AppDelegate.m; sourceTree = "<group>"; };
		F43FAD5B19DD3C2400C620E8 /* Images.xcassets */ = {isa = PBXFileReference; lastKnownFileType = folder.assetcatalog; path = Images.xcassets; sourceTree = "<group>"; };
		F43FAD6119DD3C2400C620E8 /* FigureMeTests.xctest */ = {isa = PBXFileReference; explicitFileType = wrapper.cfbundle; includeInIndex = 0; path = FigureMeTests.xctest; sourceTree = BUILT_PRODUCTS_DIR; };
		F43FAD6219DD3C2400C620E8 /* XCTest.framework */ = {isa = PBXFileReference; lastKnownFileType = wrapper.framework; name = XCTest.framework; path = Library/Frameworks/XCTest.framework; sourceTree = DEVELOPER_DIR; };
		F43FAD6A19DD3C2400C620E8 /* FigureMeTests-Info.plist */ = {isa = PBXFileReference; lastKnownFileType = text.plist.xml; path = "FigureMeTests-Info.plist"; sourceTree = "<group>"; };
		F43FAD6C19DD3C2400C620E8 /* en */ = {isa = PBXFileReference; lastKnownFileType = text.plist.strings; name = en; path = en.lproj/InfoPlist.strings; sourceTree = "<group>"; };
		F43FAD6E19DD3C2400C620E8 /* FigureMeTests.m */ = {isa = PBXFileReference; lastKnownFileType = sourcecode.c.objc; path = FigureMeTests.m; sourceTree = "<group>"; };
		F43FAD9119DD500100C620E8 /* Storyboard.storyboard */ = {isa = PBXFileReference; fileEncoding = 4; lastKnownFileType = file.storyboard; name = Storyboard.storyboard; path = Storyboards/Storyboard.storyboard; sourceTree = "<group>"; };
		F43FAD9919DD558300C620E8 /* LoginController.h */ = {isa = PBXFileReference; fileEncoding = 4; lastKnownFileType = sourcecode.c.h; name = LoginController.h; path = ViewControllers/LoginController.h; sourceTree = "<group>"; };
		F43FAD9A19DD558300C620E8 /* LoginController.m */ = {isa = PBXFileReference; fileEncoding = 4; lastKnownFileType = sourcecode.c.objc; name = LoginController.m; path = ViewControllers/LoginController.m; sourceTree = "<group>"; };
		F43FAD9D19DD55A700C620E8 /* RegisterController.h */ = {isa = PBXFileReference; fileEncoding = 4; lastKnownFileType = sourcecode.c.h; name = RegisterController.h; path = ViewControllers/RegisterController.h; sourceTree = "<group>"; };
		F43FAD9E19DD55A700C620E8 /* RegisterController.m */ = {isa = PBXFileReference; fileEncoding = 4; lastKnownFileType = sourcecode.c.objc; name = RegisterController.m; path = ViewControllers/RegisterController.m; sourceTree = "<group>"; };
		F43FADB019DD71A800C620E8 /* DashboardController.h */ = {isa = PBXFileReference; fileEncoding = 4; lastKnownFileType = sourcecode.c.h; name = DashboardController.h; path = ViewControllers/DashboardController.h; sourceTree = "<group>"; };
		F43FADB119DD71A800C620E8 /* DashboardController.m */ = {isa = PBXFileReference; fileEncoding = 4; lastKnownFileType = sourcecode.c.objc; name = DashboardController.m; path = ViewControllers/DashboardController.m; sourceTree = "<group>"; };
		F43FADB419DD71D100C620E8 /* Constant.h */ = {isa = PBXFileReference; fileEncoding = 4; lastKnownFileType = sourcecode.c.h; name = Constant.h; path = Constants/Constant.h; sourceTree = "<group>"; };
		F43FADB719DD93AE00C620E8 /* AMSlideMenuContentSegue.h */ = {isa = PBXFileReference; fileEncoding = 4; lastKnownFileType = sourcecode.c.h; name = AMSlideMenuContentSegue.h; path = Helper/AMSlideMenu/AMSlideMenuContentSegue.h; sourceTree = "<group>"; };
		F43FADB819DD93AE00C620E8 /* AMSlideMenuContentSegue.m */ = {isa = PBXFileReference; fileEncoding = 4; lastKnownFileType = sourcecode.c.objc; name = AMSlideMenuContentSegue.m; path = Helper/AMSlideMenu/AMSlideMenuContentSegue.m; sourceTree = "<group>"; };
		F43FADB919DD93AE00C620E8 /* AMSlideMenuLeftMenuSegue.h */ = {isa = PBXFileReference; fileEncoding = 4; lastKnownFileType = sourcecode.c.h; name = AMSlideMenuLeftMenuSegue.h; path = Helper/AMSlideMenu/AMSlideMenuLeftMenuSegue.h; sourceTree = "<group>"; };
		F43FADBA19DD93AE00C620E8 /* AMSlideMenuLeftMenuSegue.m */ = {isa = PBXFileReference; fileEncoding = 4; lastKnownFileType = sourcecode.c.objc; name = AMSlideMenuLeftMenuSegue.m; path = Helper/AMSlideMenu/AMSlideMenuLeftMenuSegue.m; sourceTree = "<group>"; };
		F43FADBB19DD93AE00C620E8 /* AMSlideMenuLeftTableViewController.h */ = {isa = PBXFileReference; fileEncoding = 4; lastKnownFileType = sourcecode.c.h; name = AMSlideMenuLeftTableViewController.h; path = Helper/AMSlideMenu/AMSlideMenuLeftTableViewController.h; sourceTree = "<group>"; };
		F43FADBC19DD93AE00C620E8 /* AMSlideMenuLeftTableViewController.m */ = {isa = PBXFileReference; fileEncoding = 4; lastKnownFileType = sourcecode.c.objc; name = AMSlideMenuLeftTableViewController.m; path = Helper/AMSlideMenu/AMSlideMenuLeftTableViewController.m; sourceTree = "<group>"; };
		F43FADBD19DD93AE00C620E8 /* AMSlideMenuMainViewController.h */ = {isa = PBXFileReference; fileEncoding = 4; lastKnownFileType = sourcecode.c.h; name = AMSlideMenuMainViewController.h; path = Helper/AMSlideMenu/AMSlideMenuMainViewController.h; sourceTree = "<group>"; };
		F43FADBE19DD93AE00C620E8 /* AMSlideMenuMainViewController.m */ = {isa = PBXFileReference; fileEncoding = 4; lastKnownFileType = sourcecode.c.objc; name = AMSlideMenuMainViewController.m; path = Helper/AMSlideMenu/AMSlideMenuMainViewController.m; sourceTree = "<group>"; };
		F43FADBF19DD93AE00C620E8 /* AMSlideMenuProtocols.h */ = {isa = PBXFileReference; fileEncoding = 4; lastKnownFileType = sourcecode.c.h; name = AMSlideMenuProtocols.h; path = Helper/AMSlideMenu/AMSlideMenuProtocols.h; sourceTree = "<group>"; };
		F43FADC019DD93AE00C620E8 /* AMSlideMenuRightMenuSegue.h */ = {isa = PBXFileReference; fileEncoding = 4; lastKnownFileType = sourcecode.c.h; name = AMSlideMenuRightMenuSegue.h; path = Helper/AMSlideMenu/AMSlideMenuRightMenuSegue.h; sourceTree = "<group>"; };
		F43FADC119DD93AE00C620E8 /* AMSlideMenuRightMenuSegue.m */ = {isa = PBXFileReference; fileEncoding = 4; lastKnownFileType = sourcecode.c.objc; name = AMSlideMenuRightMenuSegue.m; path = Helper/AMSlideMenu/AMSlideMenuRightMenuSegue.m; sourceTree = "<group>"; };
		F43FADC219DD93AE00C620E8 /* AMSlideMenuRightTableViewController.h */ = {isa = PBXFileReference; fileEncoding = 4; lastKnownFileType = sourcecode.c.h; name = AMSlideMenuRightTableViewController.h; path = Helper/AMSlideMenu/AMSlideMenuRightTableViewController.h; sourceTree = "<group>"; };
		F43FADC319DD93AE00C620E8 /* AMSlideMenuRightTableViewController.m */ = {isa = PBXFileReference; fileEncoding = 4; lastKnownFileType = sourcecode.c.objc; name = AMSlideMenuRightTableViewController.m; path = Helper/AMSlideMenu/AMSlideMenuRightTableViewController.m; sourceTree = "<group>"; };
		F43FADC419DD93AE00C620E8 /* UIViewController+AMSlideMenu.h */ = {isa = PBXFileReference; fileEncoding = 4; lastKnownFileType = sourcecode.c.h; name = "UIViewController+AMSlideMenu.h"; path = "Helper/AMSlideMenu/UIViewController+AMSlideMenu.h"; sourceTree = "<group>"; };
		F43FADC519DD93AE00C620E8 /* UIViewController+AMSlideMenu.m */ = {isa = PBXFileReference; fileEncoding = 4; lastKnownFileType = sourcecode.c.objc; name = "UIViewController+AMSlideMenu.m"; path = "Helper/AMSlideMenu/UIViewController+AMSlideMenu.m"; sourceTree = "<group>"; };
		F43FADD419DD94A100C620E8 /* RightMenuVC.h */ = {isa = PBXFileReference; fileEncoding = 4; lastKnownFileType = sourcecode.c.h; name = RightMenuVC.h; path = ViewControllers/RightMenuVC.h; sourceTree = "<group>"; };
		F43FADD519DD94A100C620E8 /* RightMenuVC.m */ = {isa = PBXFileReference; fileEncoding = 4; lastKnownFileType = sourcecode.c.objc; name = RightMenuVC.m; path = ViewControllers/RightMenuVC.m; sourceTree = "<group>"; };
		F43FADD819DD983000C620E8 /* MenuContainerVC.h */ = {isa = PBXFileReference; fileEncoding = 4; lastKnownFileType = sourcecode.c.h; name = MenuContainerVC.h; path = ViewControllers/MenuContainerVC.h; sourceTree = "<group>"; };
		F43FADD919DD983000C620E8 /* MenuContainerVC.m */ = {isa = PBXFileReference; fileEncoding = 4; lastKnownFileType = sourcecode.c.objc; name = MenuContainerVC.m; path = ViewControllers/MenuContainerVC.m; sourceTree = "<group>"; };
		F440AFCB19E2A19D008F7566 /* CommanFunctions.h */ = {isa = PBXFileReference; fileEncoding = 4; lastKnownFileType = sourcecode.c.h; name = CommanFunctions.h; path = Helper/CommanFunctions.h; sourceTree = "<group>"; };
		F440AFCC19E2A19D008F7566 /* CommanFunctions.m */ = {isa = PBXFileReference; fileEncoding = 4; lastKnownFileType = sourcecode.c.objc; name = CommanFunctions.m; path = Helper/CommanFunctions.m; sourceTree = "<group>"; };
		F440AFD019E2B582008F7566 /* header-part.png */ = {isa = PBXFileReference; lastKnownFileType = image.png; name = "header-part.png"; path = "Resources/images/bump/header-part.png"; sourceTree = "<group>"; };
		F440AFD119E2B582008F7566 /* menu.png */ = {isa = PBXFileReference; lastKnownFileType = image.png; name = menu.png; path = Resources/images/bump/menu.png; sourceTree = "<group>"; };
		F440AFD219E2B582008F7566 /* logo.png */ = {isa = PBXFileReference; lastKnownFileType = image.png; name = logo.png; path = Resources/images/bump/logo.png; sourceTree = "<group>"; };
		F440AFD319E2B582008F7566 /* notification.png */ = {isa = PBXFileReference; lastKnownFileType = image.png; name = notification.png; path = Resources/images/bump/notification.png; sourceTree = "<group>"; };
		F440AFD419E2B582008F7566 /* screen shot.jpg */ = {isa = PBXFileReference; lastKnownFileType = image.jpeg; name = "screen shot.jpg"; path = "Resources/images/bump/screen shot.jpg"; sourceTree = "<group>"; };
		F440AFD519E2B582008F7566 /* bg.png */ = {isa = PBXFileReference; lastKnownFileType = image.png; name = bg.png; path = Resources/images/bump/bg.png; sourceTree = "<group>"; };
		F440AFE419E2B5B7008F7566 /* login.png */ = {isa = PBXFileReference; lastKnownFileType = image.png; name = login.png; path = Resources/images/login/login.png; sourceTree = "<group>"; };
		F440AFE519E2B5B7008F7566 /* logo.png */ = {isa = PBXFileReference; lastKnownFileType = image.png; name = logo.png; path = Resources/images/login/logo.png; sourceTree = "<group>"; };
		F440AFE619E2B5B7008F7566 /* password-hint.png */ = {isa = PBXFileReference; lastKnownFileType = image.png; name = "password-hint.png"; path = "Resources/images/login/password-hint.png"; sourceTree = "<group>"; };
		F440AFE719E2B5B7008F7566 /* password.png */ = {isa = PBXFileReference; lastKnownFileType = image.png; name = password.png; path = Resources/images/login/password.png; sourceTree = "<group>"; };
		F440AFE819E2B5B7008F7566 /* register.png */ = {isa = PBXFileReference; lastKnownFileType = image.png; name = register.png; path = Resources/images/login/register.png; sourceTree = "<group>"; };
		F440AFE919E2B5B7008F7566 /* screen-shot.jpg */ = {isa = PBXFileReference; lastKnownFileType = image.jpeg; name = "screen-shot.jpg"; path = "Resources/images/login/screen-shot.jpg"; sourceTree = "<group>"; };
		F440AFEA19E2B5B7008F7566 /* username-bg.png */ = {isa = PBXFileReference; lastKnownFileType = image.png; name = "username-bg.png"; path = "Resources/images/login/username-bg.png"; sourceTree = "<group>"; };
		F440AFEB19E2B5B7008F7566 /* username.png */ = {isa = PBXFileReference; lastKnownFileType = image.png; name = username.png; path = Resources/images/login/username.png; sourceTree = "<group>"; };
		F440AFFC19E2B5C4008F7566 /* cancel.png */ = {isa = PBXFileReference; lastKnownFileType = image.png; name = cancel.png; path = Resources/images/register/cancel.png; sourceTree = "<group>"; };
		F440AFFD19E2B5C4008F7566 /* email.png */ = {isa = PBXFileReference; lastKnownFileType = image.png; name = email.png; path = Resources/images/register/email.png; sourceTree = "<group>"; };
		F440AFFE19E2B5C4008F7566 /* header-part.png */ = {isa = PBXFileReference; lastKnownFileType = image.png; name = "header-part.png"; path = "Resources/images/register/header-part.png"; sourceTree = "<group>"; };
		F440AFFF19E2B5C4008F7566 /* logo.png */ = {isa = PBXFileReference; lastKnownFileType = image.png; name = logo.png; path = Resources/images/register/logo.png; sourceTree = "<group>"; };
		F440B00019E2B5C4008F7566 /* password.png */ = {isa = PBXFileReference; lastKnownFileType = image.png; name = password.png; path = Resources/images/register/password.png; sourceTree = "<group>"; };
		F440B00119E2B5C4008F7566 /* reapeat-password.png */ = {isa = PBXFileReference; lastKnownFileType = image.png; name = "reapeat-password.png"; path = "Resources/images/register/reapeat-password.png"; sourceTree = "<group>"; };
		F440B00219E2B5C4008F7566 /* register.png */ = {isa = PBXFileReference; lastKnownFileType = image.png; name = register.png; path = Resources/images/register/register.png; sourceTree = "<group>"; };
		F440B00319E2B5C4008F7566 /* screen-shot.jpg */ = {isa = PBXFileReference; lastKnownFileType = image.jpeg; name = "screen-shot.jpg"; path = "Resources/images/register/screen-shot.jpg"; sourceTree = "<group>"; };
		F440B00419E2B5C4008F7566 /* username-bg.png */ = {isa = PBXFileReference; lastKnownFileType = image.png; name = "username-bg.png"; path = "Resources/images/register/username-bg.png"; sourceTree = "<group>"; };
		F440B00519E2B5C4008F7566 /* username.png */ = {isa = PBXFileReference; lastKnownFileType = image.png; name = username.png; path = Resources/images/register/username.png; sourceTree = "<group>"; };
		F4C1E5B019DE7C16003C108A /* Storyboard-iPad.storyboard */ = {isa = PBXFileReference; fileEncoding = 4; lastKnownFileType = file.storyboard; name = "Storyboard-iPad.storyboard"; path = "Storyboards/Storyboard-iPad.storyboard"; sourceTree = "<group>"; };
		F4C1E5B419DE82F4003C108A /* menuicon@2x.png */ = {isa = PBXFileReference; lastKnownFileType = image.png; name = "menuicon@2x.png"; path = "Resources/images/menuicon@2x.png"; sourceTree = "<group>"; };
		F4C1E5BF19DE87DF003C108A /* ProfileController.h */ = {isa = PBXFileReference; fileEncoding = 4; lastKnownFileType = sourcecode.c.h; name = ProfileController.h; path = ViewControllers/ProfileController.h; sourceTree = "<group>"; };
		F4C1E5C019DE87DF003C108A /* ProfileController.m */ = {isa = PBXFileReference; fileEncoding = 4; lastKnownFileType = sourcecode.c.objc; name = ProfileController.m; path = ViewControllers/ProfileController.m; sourceTree = "<group>"; };
		F4C1E5C319DE880C003C108A /* NotificationController.h */ = {isa = PBXFileReference; fileEncoding = 4; lastKnownFileType = sourcecode.c.h; name = NotificationController.h; path = ViewControllers/NotificationController.h; sourceTree = "<group>"; };
		F4C1E5C419DE880C003C108A /* NotificationController.m */ = {isa = PBXFileReference; fileEncoding = 4; lastKnownFileType = sourcecode.c.objc; name = NotificationController.m; path = ViewControllers/NotificationController.m; sourceTree = "<group>"; };
		F4C1E5C719DEA0C5003C108A /* messageicon@2x.png */ = {isa = PBXFileReference; lastKnownFileType = image.png; name = "messageicon@2x.png"; path = "Resources/images/messageicon@2x.png"; sourceTree = "<group>"; };
		F4C1E5CA19DEB8B6003C108A /* ProfileEditViewController.h */ = {isa = PBXFileReference; fileEncoding = 4; lastKnownFileType = sourcecode.c.h; name = ProfileEditViewController.h; path = ViewControllers/ProfileEditViewController.h; sourceTree = "<group>"; };
		F4C1E5CB19DEB8B6003C108A /* ProfileEditViewController.m */ = {isa = PBXFileReference; fileEncoding = 4; lastKnownFileType = sourcecode.c.objc; name = ProfileEditViewController.m; path = ViewControllers/ProfileEditViewController.m; sourceTree = "<group>"; };
		F4C1E5CE19DEC587003C108A /* TestController.h */ = {isa = PBXFileReference; fileEncoding = 4; lastKnownFileType = sourcecode.c.h; name = TestController.h; path = ViewControllers/TestController.h; sourceTree = "<group>"; };
		F4C1E5CF19DEC587003C108A /* TestController.m */ = {isa = PBXFileReference; fileEncoding = 4; lastKnownFileType = sourcecode.c.objc; name = TestController.m; path = ViewControllers/TestController.m; sourceTree = "<group>"; };
/* End PBXFileReference section */

/* Begin PBXFrameworksBuildPhase section */
		F43FAD4319DD3C2300C620E8 /* Frameworks */ = {
			isa = PBXFrameworksBuildPhase;
			buildActionMask = 2147483647;
			files = (
				F43FAD4C19DD3C2300C620E8 /* CoreGraphics.framework in Frameworks */,
				F43FAD4E19DD3C2300C620E8 /* UIKit.framework in Frameworks */,
				F43FAD4A19DD3C2300C620E8 /* Foundation.framework in Frameworks */,
			);
			runOnlyForDeploymentPostprocessing = 0;
		};
		F43FAD5E19DD3C2400C620E8 /* Frameworks */ = {
			isa = PBXFrameworksBuildPhase;
			buildActionMask = 2147483647;
			files = (
				F43FAD6319DD3C2400C620E8 /* XCTest.framework in Frameworks */,
				F43FAD6519DD3C2400C620E8 /* UIKit.framework in Frameworks */,
				F43FAD6419DD3C2400C620E8 /* Foundation.framework in Frameworks */,
			);
			runOnlyForDeploymentPostprocessing = 0;
		};
/* End PBXFrameworksBuildPhase section */

/* Begin PBXGroup section */
		F43FAD3D19DD3C2300C620E8 = {
			isa = PBXGroup;
			children = (
				F43FAD4F19DD3C2300C620E8 /* FigureMe */,
				F43FAD6819DD3C2400C620E8 /* FigureMeTests */,
				F43FAD4819DD3C2300C620E8 /* Frameworks */,
				F43FAD4719DD3C2300C620E8 /* Products */,
			);
			sourceTree = "<group>";
		};
		F43FAD4719DD3C2300C620E8 /* Products */ = {
			isa = PBXGroup;
			children = (
				F43FAD4619DD3C2300C620E8 /* FigureMe.app */,
				F43FAD6119DD3C2400C620E8 /* FigureMeTests.xctest */,
			);
			name = Products;
			sourceTree = "<group>";
		};
		F43FAD4819DD3C2300C620E8 /* Frameworks */ = {
			isa = PBXGroup;
			children = (
				F43FAD4919DD3C2300C620E8 /* Foundation.framework */,
				F43FAD4B19DD3C2300C620E8 /* CoreGraphics.framework */,
				F43FAD4D19DD3C2300C620E8 /* UIKit.framework */,
				F43FAD6219DD3C2400C620E8 /* XCTest.framework */,
			);
			name = Frameworks;
			sourceTree = "<group>";
		};
		F43FAD4F19DD3C2300C620E8 /* FigureMe */ = {
			isa = PBXGroup;
			children = (
				F4C7CA6D19E009E10072610B /* Models */,
				F43FADA119DD714B00C620E8 /* Helper */,
				F43FAD9819DD506D00C620E8 /* Resources */,
				F4C1E5AF19DE7B96003C108A /* iPad */,
				F43FAD9619DD505300C620E8 /* CustomCells */,
				F43FAD9519DD504900C620E8 /* CustomViews */,
				F43FAD9419DD503900C620E8 /* Constants */,
				F43FAD9719DD506600C620E8 /* ViewControllers */,
				F43FAD9019DD4FE700C620E8 /* Storyboards */,
				F43FAD5819DD3C2400C620E8 /* AppDelegate.h */,
				F43FAD5919DD3C2400C620E8 /* AppDelegate.m */,
				F43FAD5B19DD3C2400C620E8 /* Images.xcassets */,
				F43FAD5019DD3C2400C620E8 /* Supporting Files */,
			);
			path = FigureMe;
			sourceTree = "<group>";
		};
		F43FAD5019DD3C2400C620E8 /* Supporting Files */ = {
			isa = PBXGroup;
			children = (
				F43FAD5119DD3C2400C620E8 /* FigureMe-Info.plist */,
				F43FAD5219DD3C2400C620E8 /* InfoPlist.strings */,
				F43FAD5519DD3C2400C620E8 /* main.m */,
				F43FAD5719DD3C2400C620E8 /* FigureMe-Prefix.pch */,
			);
			name = "Supporting Files";
			sourceTree = "<group>";
		};
		F43FAD6819DD3C2400C620E8 /* FigureMeTests */ = {
			isa = PBXGroup;
			children = (
				F43FAD6E19DD3C2400C620E8 /* FigureMeTests.m */,
				F43FAD6919DD3C2400C620E8 /* Supporting Files */,
			);
			path = FigureMeTests;
			sourceTree = "<group>";
		};
		F43FAD6919DD3C2400C620E8 /* Supporting Files */ = {
			isa = PBXGroup;
			children = (
				F43FAD6A19DD3C2400C620E8 /* FigureMeTests-Info.plist */,
				F43FAD6B19DD3C2400C620E8 /* InfoPlist.strings */,
			);
			name = "Supporting Files";
			sourceTree = "<group>";
		};
		F43FAD9019DD4FE700C620E8 /* Storyboards */ = {
			isa = PBXGroup;
			children = (
				F43FAD9119DD500100C620E8 /* Storyboard.storyboard */,
				F4C1E5B019DE7C16003C108A /* Storyboard-iPad.storyboard */,
			);
			name = Storyboards;
			sourceTree = "<group>";
		};
		F43FAD9419DD503900C620E8 /* Constants */ = {
			isa = PBXGroup;
			children = (
				F43FADB419DD71D100C620E8 /* Constant.h */,
			);
			name = Constants;
			sourceTree = "<group>";
		};
		F43FAD9519DD504900C620E8 /* CustomViews */ = {
			isa = PBXGroup;
			children = (
			);
			name = CustomViews;
			sourceTree = "<group>";
		};
		F43FAD9619DD505300C620E8 /* CustomCells */ = {
			isa = PBXGroup;
			children = (
			);
			name = CustomCells;
			sourceTree = "<group>";
		};
		F43FAD9719DD506600C620E8 /* ViewControllers */ = {
			isa = PBXGroup;
			children = (
				F43FADD819DD983000C620E8 /* MenuContainerVC.h */,
				F43FADD919DD983000C620E8 /* MenuContainerVC.m */,
				F43FADD419DD94A100C620E8 /* RightMenuVC.h */,
				F43FADD519DD94A100C620E8 /* RightMenuVC.m */,
				F43FAD9919DD558300C620E8 /* LoginController.h */,
				F43FAD9A19DD558300C620E8 /* LoginController.m */,
				F43FAD9D19DD55A700C620E8 /* RegisterController.h */,
				F43FAD9E19DD55A700C620E8 /* RegisterController.m */,
				F43FADB019DD71A800C620E8 /* DashboardController.h */,
				F43FADB119DD71A800C620E8 /* DashboardController.m */,
				F4C1E5BF19DE87DF003C108A /* ProfileController.h */,
				F4C1E5C019DE87DF003C108A /* ProfileController.m */,
				F4C1E5CA19DEB8B6003C108A /* ProfileEditViewController.h */,
				F4C1E5CB19DEB8B6003C108A /* ProfileEditViewController.m */,
				F4C1E5C319DE880C003C108A /* NotificationController.h */,
				F4C1E5C419DE880C003C108A /* NotificationController.m */,
				F4C1E5CE19DEC587003C108A /* TestController.h */,
				F4C1E5CF19DEC587003C108A /* TestController.m */,
			);
			name = ViewControllers;
			sourceTree = "<group>";
		};
		F43FAD9819DD506D00C620E8 /* Resources */ = {
			isa = PBXGroup;
			children = (
				F4C1E5B319DE82A2003C108A /* images */,
			);
			name = Resources;
			sourceTree = "<group>";
		};
		F43FADA119DD714B00C620E8 /* Helper */ = {
			isa = PBXGroup;
			children = (
				F43FADB619DD939700C620E8 /* AMSlideMenu */,
				F440AFCB19E2A19D008F7566 /* CommanFunctions.h */,
				F440AFCC19E2A19D008F7566 /* CommanFunctions.m */,
			);
			name = Helper;
			sourceTree = "<group>";
		};
		F43FADB619DD939700C620E8 /* AMSlideMenu */ = {
			isa = PBXGroup;
			children = (
				F43FADB719DD93AE00C620E8 /* AMSlideMenuContentSegue.h */,
				F43FADB819DD93AE00C620E8 /* AMSlideMenuContentSegue.m */,
				F43FADB919DD93AE00C620E8 /* AMSlideMenuLeftMenuSegue.h */,
				F43FADBA19DD93AE00C620E8 /* AMSlideMenuLeftMenuSegue.m */,
				F43FADBB19DD93AE00C620E8 /* AMSlideMenuLeftTableViewController.h */,
				F43FADBC19DD93AE00C620E8 /* AMSlideMenuLeftTableViewController.m */,
				F43FADBD19DD93AE00C620E8 /* AMSlideMenuMainViewController.h */,
				F43FADBE19DD93AE00C620E8 /* AMSlideMenuMainViewController.m */,
				F43FADBF19DD93AE00C620E8 /* AMSlideMenuProtocols.h */,
				F43FADC019DD93AE00C620E8 /* AMSlideMenuRightMenuSegue.h */,
				F43FADC119DD93AE00C620E8 /* AMSlideMenuRightMenuSegue.m */,
				F43FADC219DD93AE00C620E8 /* AMSlideMenuRightTableViewController.h */,
				F43FADC319DD93AE00C620E8 /* AMSlideMenuRightTableViewController.m */,
				F43FADC419DD93AE00C620E8 /* UIViewController+AMSlideMenu.h */,
				F43FADC519DD93AE00C620E8 /* UIViewController+AMSlideMenu.m */,
			);
			name = AMSlideMenu;
			sourceTree = "<group>";
		};
		F440AFCF19E2B563008F7566 /* bump */ = {
			isa = PBXGroup;
			children = (
				F440AFD019E2B582008F7566 /* header-part.png */,
				F440AFD119E2B582008F7566 /* menu.png */,
				F440AFD219E2B582008F7566 /* logo.png */,
				F440AFD319E2B582008F7566 /* notification.png */,
				F440AFD419E2B582008F7566 /* screen shot.jpg */,
				F440AFD519E2B582008F7566 /* bg.png */,
			);
			name = bump;
			sourceTree = "<group>";
		};
		F440AFE219E2B5A5008F7566 /* login */ = {
			isa = PBXGroup;
			children = (
				F440AFE419E2B5B7008F7566 /* login.png */,
				F440AFE519E2B5B7008F7566 /* logo.png */,
				F440AFE619E2B5B7008F7566 /* password-hint.png */,
				F440AFE719E2B5B7008F7566 /* password.png */,
				F440AFE819E2B5B7008F7566 /* register.png */,
				F440AFE919E2B5B7008F7566 /* screen-shot.jpg */,
				F440AFEA19E2B5B7008F7566 /* username-bg.png */,
				F440AFEB19E2B5B7008F7566 /* username.png */,
			);
			name = login;
			sourceTree = "<group>";
		};
		F440AFE319E2B5AA008F7566 /* register */ = {
			isa = PBXGroup;
			children = (
				F440AFFC19E2B5C4008F7566 /* cancel.png */,
				F440AFFD19E2B5C4008F7566 /* email.png */,
				F440AFFE19E2B5C4008F7566 /* header-part.png */,
				F440AFFF19E2B5C4008F7566 /* logo.png */,
				F440B00019E2B5C4008F7566 /* password.png */,
				F440B00119E2B5C4008F7566 /* reapeat-password.png */,
				F440B00219E2B5C4008F7566 /* register.png */,
				F440B00319E2B5C4008F7566 /* screen-shot.jpg */,
				F440B00419E2B5C4008F7566 /* username-bg.png */,
				F440B00519E2B5C4008F7566 /* username.png */,
			);
			name = register;
			sourceTree = "<group>";
		};
		F4C1E5AF19DE7B96003C108A /* iPad */ = {
			isa = PBXGroup;
			children = (
			);
			name = iPad;
			sourceTree = "<group>";
		};
		F4C1E5B319DE82A2003C108A /* images */ = {
			isa = PBXGroup;
			children = (
				F440AFE319E2B5AA008F7566 /* register */,
				F440AFE219E2B5A5008F7566 /* login */,
				F440AFCF19E2B563008F7566 /* bump */,
				F4C1E5C719DEA0C5003C108A /* messageicon@2x.png */,
				F4C1E5B419DE82F4003C108A /* menuicon@2x.png */,
			);
			name = images;
			sourceTree = "<group>";
		};
		F4C7CA6D19E009E10072610B /* Models */ = {
			isa = PBXGroup;
			children = (
			);
			name = Models;
			sourceTree = "<group>";
		};
/* End PBXGroup section */

/* Begin PBXNativeTarget section */
		F43FAD4519DD3C2300C620E8 /* FigureMe */ = {
			isa = PBXNativeTarget;
			buildConfigurationList = F43FAD7219DD3C2400C620E8 /* Build configuration list for PBXNativeTarget "FigureMe" */;
			buildPhases = (
				F43FAD4219DD3C2300C620E8 /* Sources */,
				F43FAD4319DD3C2300C620E8 /* Frameworks */,
				F43FAD4419DD3C2300C620E8 /* Resources */,
			);
			buildRules = (
			);
			dependencies = (
			);
			name = FigureMe;
			productName = FigureMe;
			productReference = F43FAD4619DD3C2300C620E8 /* FigureMe.app */;
			productType = "com.apple.product-type.application";
		};
		F43FAD6019DD3C2400C620E8 /* FigureMeTests */ = {
			isa = PBXNativeTarget;
			buildConfigurationList = F43FAD7519DD3C2400C620E8 /* Build configuration list for PBXNativeTarget "FigureMeTests" */;
			buildPhases = (
				F43FAD5D19DD3C2400C620E8 /* Sources */,
				F43FAD5E19DD3C2400C620E8 /* Frameworks */,
				F43FAD5F19DD3C2400C620E8 /* Resources */,
			);
			buildRules = (
			);
			dependencies = (
				F43FAD6719DD3C2400C620E8 /* PBXTargetDependency */,
			);
			name = FigureMeTests;
			productName = FigureMeTests;
			productReference = F43FAD6119DD3C2400C620E8 /* FigureMeTests.xctest */;
			productType = "com.apple.product-type.bundle.unit-test";
		};
/* End PBXNativeTarget section */

/* Begin PBXProject section */
		F43FAD3E19DD3C2300C620E8 /* Project object */ = {
			isa = PBXProject;
			attributes = {
				LastUpgradeCheck = 0500;
				ORGANIZATIONNAME = ECS;
				TargetAttributes = {
					F43FAD6019DD3C2400C620E8 = {
						TestTargetID = F43FAD4519DD3C2300C620E8;
					};
				};
			};
			buildConfigurationList = F43FAD4119DD3C2300C620E8 /* Build configuration list for PBXProject "FigureMe" */;
			compatibilityVersion = "Xcode 3.2";
			developmentRegion = English;
			hasScannedForEncodings = 0;
			knownRegions = (
				en,
			);
			mainGroup = F43FAD3D19DD3C2300C620E8;
			productRefGroup = F43FAD4719DD3C2300C620E8 /* Products */;
			projectDirPath = "";
			projectRoot = "";
			targets = (
				F43FAD4519DD3C2300C620E8 /* FigureMe */,
				F43FAD6019DD3C2400C620E8 /* FigureMeTests */,
			);
		};
/* End PBXProject section */

/* Begin PBXResourcesBuildPhase section */
		F43FAD4419DD3C2300C620E8 /* Resources */ = {
			isa = PBXResourcesBuildPhase;
			buildActionMask = 2147483647;
			files = (
				F440B00819E2B5C4008F7566 /* email.png in Resources */,
				F440AFDE19E2B582008F7566 /* screen shot.jpg in Resources */,
				F440AFDC19E2B582008F7566 /* notification.png in Resources */,
				F440AFF219E2B5B7008F7566 /* password.png in Resources */,
				F440AFF019E2B5B7008F7566 /* password-hint.png in Resources */,
				F440AFE019E2B582008F7566 /* bg.png in Resources */,
				F440AFD819E2B582008F7566 /* menu.png in Resources */,
				F440AFEE19E2B5B7008F7566 /* logo.png in Resources */,
				F4C1E5B519DE82F4003C108A /* menuicon@2x.png in Resources */,
				F440B01419E2B5C4008F7566 /* screen-shot.jpg in Resources */,
				F440AFDA19E2B582008F7566 /* logo.png in Resources */,
				F440B00619E2B5C4008F7566 /* cancel.png in Resources */,
				F440B01619E2B5C4008F7566 /* username-bg.png in Resources */,
				F440AFF619E2B5B7008F7566 /* screen-shot.jpg in Resources */,
				F43FAD5419DD3C2400C620E8 /* InfoPlist.strings in Resources */,
				F440B01819E2B5C4008F7566 /* username.png in Resources */,
				F440AFD619E2B582008F7566 /* header-part.png in Resources */,
				F4C1E5B119DE7C16003C108A /* Storyboard-iPad.storyboard in Resources */,
				F43FAD9219DD500100C620E8 /* Storyboard.storyboard in Resources */,
				F440AFEC19E2B5B7008F7566 /* login.png in Resources */,
				F440B00E19E2B5C4008F7566 /* password.png in Resources */,
				F440AFFA19E2B5B7008F7566 /* username.png in Resources */,
				F440AFF819E2B5B7008F7566 /* username-bg.png in Resources */,
				F43FAD5C19DD3C2400C620E8 /* Images.xcassets in Resources */,
				F440B00C19E2B5C4008F7566 /* logo.png in Resources */,
				F440AFF419E2B5B7008F7566 /* register.png in Resources */,
				F440B01019E2B5C4008F7566 /* reapeat-password.png in Resources */,
				F4C1E5C819DEA0C5003C108A /* messageicon@2x.png in Resources */,
				F440B01219E2B5C4008F7566 /* register.png in Resources */,
				F440B00A19E2B5C4008F7566 /* header-part.png in Resources */,
			);
			runOnlyForDeploymentPostprocessing = 0;
		};
		F43FAD5F19DD3C2400C620E8 /* Resources */ = {
			isa = PBXResourcesBuildPhase;
			buildActionMask = 2147483647;
			files = (
				F440B01719E2B5C4008F7566 /* username-bg.png in Resources */,
				F440AFEF19E2B5B7008F7566 /* logo.png in Resources */,
				F440B00D19E2B5C4008F7566 /* logo.png in Resources */,
				F440B01919E2B5C4008F7566 /* username.png in Resources */,
				F440AFDF19E2B582008F7566 /* screen shot.jpg in Resources */,
				F440AFF919E2B5B7008F7566 /* username-bg.png in Resources */,
				F440B00719E2B5C4008F7566 /* cancel.png in Resources */,
				F440AFED19E2B5B7008F7566 /* login.png in Resources */,
				F440B01319E2B5C4008F7566 /* register.png in Resources */,
				F440AFF119E2B5B7008F7566 /* password-hint.png in Resources */,
				F440AFF519E2B5B7008F7566 /* register.png in Resources */,
				F440B01519E2B5C4008F7566 /* screen-shot.jpg in Resources */,
				F4C1E5B219DE7C16003C108A /* Storyboard-iPad.storyboard in Resources */,
				F43FAD6D19DD3C2400C620E8 /* InfoPlist.strings in Resources */,
				F440AFDD19E2B582008F7566 /* notification.png in Resources */,
				F440B01119E2B5C4008F7566 /* reapeat-password.png in Resources */,
				F4C1E5B619DE82F4003C108A /* menuicon@2x.png in Resources */,
				F4C1E5C919DEA0C5003C108A /* messageicon@2x.png in Resources */,
				F440AFDB19E2B582008F7566 /* logo.png in Resources */,
				F440AFF719E2B5B7008F7566 /* screen-shot.jpg in Resources */,
				F440AFD919E2B582008F7566 /* menu.png in Resources */,
				F43FAD9319DD500100C620E8 /* Storyboard.storyboard in Resources */,
				F440AFFB19E2B5B7008F7566 /* username.png in Resources */,
				F440B00F19E2B5C4008F7566 /* password.png in Resources */,
				F440B00B19E2B5C4008F7566 /* header-part.png in Resources */,
				F440AFF319E2B5B7008F7566 /* password.png in Resources */,
				F440AFE119E2B582008F7566 /* bg.png in Resources */,
				F440AFD719E2B582008F7566 /* header-part.png in Resources */,
				F440B00919E2B5C4008F7566 /* email.png in Resources */,
			);
			runOnlyForDeploymentPostprocessing = 0;
		};
/* End PBXResourcesBuildPhase section */

/* Begin PBXSourcesBuildPhase section */
		F43FAD4219DD3C2300C620E8 /* Sources */ = {
			isa = PBXSourcesBuildPhase;
			buildActionMask = 2147483647;
			files = (
				F43FADC819DD93AE00C620E8 /* AMSlideMenuLeftMenuSegue.m in Sources */,
				F4C1E5C119DE87DF003C108A /* ProfileController.m in Sources */,
				F43FAD9F19DD55A700C620E8 /* RegisterController.m in Sources */,
				F43FAD5A19DD3C2400C620E8 /* AppDelegate.m in Sources */,
				F43FADD219DD93AE00C620E8 /* UIViewController+AMSlideMenu.m in Sources */,
				F43FADD619DD94A100C620E8 /* RightMenuVC.m in Sources */,
				F4C1E5C519DE880C003C108A /* NotificationController.m in Sources */,
				F4C1E5D019DEC587003C108A /* TestController.m in Sources */,
				F43FAD5619DD3C2400C620E8 /* main.m in Sources */,
				F43FADC619DD93AE00C620E8 /* AMSlideMenuContentSegue.m in Sources */,
				F43FADCE19DD93AE00C620E8 /* AMSlideMenuRightMenuSegue.m in Sources */,
				F440AFCD19E2A19D008F7566 /* CommanFunctions.m in Sources */,
				F43FAD9B19DD558300C620E8 /* LoginController.m in Sources */,
				F43FADB219DD71A800C620E8 /* DashboardController.m in Sources */,
				F43FADDA19DD983000C620E8 /* MenuContainerVC.m in Sources */,
				F43FADCA19DD93AE00C620E8 /* AMSlideMenuLeftTableViewController.m in Sources */,
				F4C1E5CC19DEB8B6003C108A /* ProfileEditViewController.m in Sources */,
				F43FADD019DD93AE00C620E8 /* AMSlideMenuRightTableViewController.m in Sources */,
				F43FADCC19DD93AE00C620E8 /* AMSlideMenuMainViewController.m in Sources */,
			);
			runOnlyForDeploymentPostprocessing = 0;
		};
		F43FAD5D19DD3C2400C620E8 /* Sources */ = {
			isa = PBXSourcesBuildPhase;
			buildActionMask = 2147483647;
			files = (
				F43FADB319DD71A800C620E8 /* DashboardController.m in Sources */,
				F43FADC919DD93AE00C620E8 /* AMSlideMenuLeftMenuSegue.m in Sources */,
				F43FAD6F19DD3C2400C620E8 /* FigureMeTests.m in Sources */,
				F4C1E5CD19DEB8B6003C108A /* ProfileEditViewController.m in Sources */,
				F440AFCE19E2A19D008F7566 /* CommanFunctions.m in Sources */,
				F4C1E5D119DEC587003C108A /* TestController.m in Sources */,
				F43FADD119DD93AE00C620E8 /* AMSlideMenuRightTableViewController.m in Sources */,
				F43FADCB19DD93AE00C620E8 /* AMSlideMenuLeftTableViewController.m in Sources */,
				F43FADD719DD94A100C620E8 /* RightMenuVC.m in Sources */,
				F43FADCF19DD93AE00C620E8 /* AMSlideMenuRightMenuSegue.m in Sources */,
				F43FADC719DD93AE00C620E8 /* AMSlideMenuContentSegue.m in Sources */,
				F43FADD319DD93AE00C620E8 /* UIViewController+AMSlideMenu.m in Sources */,
				F4C1E5C219DE87DF003C108A /* ProfileController.m in Sources */,
				F43FADCD19DD93AE00C620E8 /* AMSlideMenuMainViewController.m in Sources */,
				F4C1E5C619DE880C003C108A /* NotificationController.m in Sources */,
				F43FADDB19DD983000C620E8 /* MenuContainerVC.m in Sources */,
				F43FAD9C19DD558300C620E8 /* LoginController.m in Sources */,
				F43FADA019DD55A700C620E8 /* RegisterController.m in Sources */,
			);
			runOnlyForDeploymentPostprocessing = 0;
		};
/* End PBXSourcesBuildPhase section */

/* Begin PBXTargetDependency section */
		F43FAD6719DD3C2400C620E8 /* PBXTargetDependency */ = {
			isa = PBXTargetDependency;
			target = F43FAD4519DD3C2300C620E8 /* FigureMe */;
			targetProxy = F43FAD6619DD3C2400C620E8 /* PBXContainerItemProxy */;
		};
/* End PBXTargetDependency section */

/* Begin PBXVariantGroup section */
		F43FAD5219DD3C2400C620E8 /* InfoPlist.strings */ = {
			isa = PBXVariantGroup;
			children = (
				F43FAD5319DD3C2400C620E8 /* en */,
			);
			name = InfoPlist.strings;
			sourceTree = "<group>";
		};
		F43FAD6B19DD3C2400C620E8 /* InfoPlist.strings */ = {
			isa = PBXVariantGroup;
			children = (
				F43FAD6C19DD3C2400C620E8 /* en */,
			);
			name = InfoPlist.strings;
			sourceTree = "<group>";
		};
/* End PBXVariantGroup section */

/* Begin XCBuildConfiguration section */
		F43FAD7019DD3C2400C620E8 /* Debug */ = {
			isa = XCBuildConfiguration;
			buildSettings = {
				ALWAYS_SEARCH_USER_PATHS = NO;
				ARCHS = "$(ARCHS_STANDARD_INCLUDING_64_BIT)";
				CLANG_CXX_LANGUAGE_STANDARD = "gnu++0x";
				CLANG_CXX_LIBRARY = "libc++";
				CLANG_ENABLE_MODULES = YES;
				CLANG_ENABLE_OBJC_ARC = YES;
				CLANG_WARN_BOOL_CONVERSION = YES;
				CLANG_WARN_CONSTANT_CONVERSION = YES;
				CLANG_WARN_DIRECT_OBJC_ISA_USAGE = YES_ERROR;
				CLANG_WARN_EMPTY_BODY = YES;
				CLANG_WARN_ENUM_CONVERSION = YES;
				CLANG_WARN_INT_CONVERSION = YES;
				CLANG_WARN_OBJC_ROOT_CLASS = YES_ERROR;
				CLANG_WARN__DUPLICATE_METHOD_MATCH = YES;
				"CODE_SIGN_IDENTITY[sdk=iphoneos*]" = "iPhone Developer";
				COPY_PHASE_STRIP = NO;
				GCC_C_LANGUAGE_STANDARD = gnu99;
				GCC_DYNAMIC_NO_PIC = NO;
				GCC_OPTIMIZATION_LEVEL = 0;
				GCC_PREPROCESSOR_DEFINITIONS = (
					"DEBUG=1",
					"$(inherited)",
				);
				GCC_SYMBOLS_PRIVATE_EXTERN = NO;
				GCC_WARN_64_TO_32_BIT_CONVERSION = YES;
				GCC_WARN_ABOUT_RETURN_TYPE = YES_ERROR;
				GCC_WARN_UNDECLARED_SELECTOR = YES;
				GCC_WARN_UNINITIALIZED_AUTOS = YES;
				GCC_WARN_UNUSED_FUNCTION = YES;
				GCC_WARN_UNUSED_VARIABLE = YES;
				IPHONEOS_DEPLOYMENT_TARGET = 6.1;
				ONLY_ACTIVE_ARCH = YES;
				SDKROOT = iphoneos;
			};
			name = Debug;
		};
		F43FAD7119DD3C2400C620E8 /* Release */ = {
			isa = XCBuildConfiguration;
			buildSettings = {
				ALWAYS_SEARCH_USER_PATHS = NO;
				ARCHS = "$(ARCHS_STANDARD_INCLUDING_64_BIT)";
				CLANG_CXX_LANGUAGE_STANDARD = "gnu++0x";
				CLANG_CXX_LIBRARY = "libc++";
				CLANG_ENABLE_MODULES = YES;
				CLANG_ENABLE_OBJC_ARC = YES;
				CLANG_WARN_BOOL_CONVERSION = YES;
				CLANG_WARN_CONSTANT_CONVERSION = YES;
				CLANG_WARN_DIRECT_OBJC_ISA_USAGE = YES_ERROR;
				CLANG_WARN_EMPTY_BODY = YES;
				CLANG_WARN_ENUM_CONVERSION = YES;
				CLANG_WARN_INT_CONVERSION = YES;
				CLANG_WARN_OBJC_ROOT_CLASS = YES_ERROR;
				CLANG_WARN__DUPLICATE_METHOD_MATCH = YES;
				"CODE_SIGN_IDENTITY[sdk=iphoneos*]" = "iPhone Developer";
				COPY_PHASE_STRIP = YES;
				ENABLE_NS_ASSERTIONS = NO;
				GCC_C_LANGUAGE_STANDARD = gnu99;
				GCC_WARN_64_TO_32_BIT_CONVERSION = YES;
				GCC_WARN_ABOUT_RETURN_TYPE = YES_ERROR;
				GCC_WARN_UNDECLARED_SELECTOR = YES;
				GCC_WARN_UNINITIALIZED_AUTOS = YES;
				GCC_WARN_UNUSED_FUNCTION = YES;
				GCC_WARN_UNUSED_VARIABLE = YES;
				IPHONEOS_DEPLOYMENT_TARGET = 6.1;
				SDKROOT = iphoneos;
				VALIDATE_PRODUCT = YES;
			};
			name = Release;
		};
		F43FAD7319DD3C2400C620E8 /* Debug */ = {
			isa = XCBuildConfiguration;
			buildSettings = {
				ASSETCATALOG_COMPILER_APPICON_NAME = AppIcon;
				ASSETCATALOG_COMPILER_LAUNCHIMAGE_NAME = LaunchImage;
				GCC_PRECOMPILE_PREFIX_HEADER = YES;
				GCC_PREFIX_HEADER = "FigureMe/FigureMe-Prefix.pch";
				INFOPLIST_FILE = "FigureMe/FigureMe-Info.plist";
				IPHONEOS_DEPLOYMENT_TARGET = 7.0;
				PRODUCT_NAME = "$(TARGET_NAME)";
				TARGETED_DEVICE_FAMILY = "1,2";
				WRAPPER_EXTENSION = app;
			};
			name = Debug;
		};
		F43FAD7419DD3C2400C620E8 /* Release */ = {
			isa = XCBuildConfiguration;
			buildSettings = {
				ASSETCATALOG_COMPILER_APPICON_NAME = AppIcon;
				ASSETCATALOG_COMPILER_LAUNCHIMAGE_NAME = LaunchImage;
				GCC_PRECOMPILE_PREFIX_HEADER = YES;
				GCC_PREFIX_HEADER = "FigureMe/FigureMe-Prefix.pch";
				INFOPLIST_FILE = "FigureMe/FigureMe-Info.plist";
				IPHONEOS_DEPLOYMENT_TARGET = 7.0;
				PRODUCT_NAME = "$(TARGET_NAME)";
				TARGETED_DEVICE_FAMILY = "1,2";
				WRAPPER_EXTENSION = app;
			};
			name = Release;
		};
		F43FAD7619DD3C2400C620E8 /* Debug */ = {
			isa = XCBuildConfiguration;
			buildSettings = {
				ARCHS = "$(ARCHS_STANDARD_INCLUDING_64_BIT)";
				BUNDLE_LOADER = "$(BUILT_PRODUCTS_DIR)/FigureMe.app/FigureMe";
				FRAMEWORK_SEARCH_PATHS = (
					"$(SDKROOT)/Developer/Library/Frameworks",
					"$(inherited)",
					"$(DEVELOPER_FRAMEWORKS_DIR)",
				);
				GCC_PRECOMPILE_PREFIX_HEADER = YES;
				GCC_PREFIX_HEADER = "FigureMe/FigureMe-Prefix.pch";
				GCC_PREPROCESSOR_DEFINITIONS = (
					"DEBUG=1",
					"$(inherited)",
				);
				INFOPLIST_FILE = "FigureMeTests/FigureMeTests-Info.plist";
				PRODUCT_NAME = "$(TARGET_NAME)";
				TEST_HOST = "$(BUNDLE_LOADER)";
				WRAPPER_EXTENSION = xctest;
			};
			name = Debug;
		};
		F43FAD7719DD3C2400C620E8 /* Release */ = {
			isa = XCBuildConfiguration;
			buildSettings = {
				ARCHS = "$(ARCHS_STANDARD_INCLUDING_64_BIT)";
				BUNDLE_LOADER = "$(BUILT_PRODUCTS_DIR)/FigureMe.app/FigureMe";
				FRAMEWORK_SEARCH_PATHS = (
					"$(SDKROOT)/Developer/Library/Frameworks",
					"$(inherited)",
					"$(DEVELOPER_FRAMEWORKS_DIR)",
				);
				GCC_PRECOMPILE_PREFIX_HEADER = YES;
				GCC_PREFIX_HEADER = "FigureMe/FigureMe-Prefix.pch";
				INFOPLIST_FILE = "FigureMeTests/FigureMeTests-Info.plist";
				PRODUCT_NAME = "$(TARGET_NAME)";
				TEST_HOST = "$(BUNDLE_LOADER)";
				WRAPPER_EXTENSION = xctest;
			};
			name = Release;
		};
/* End XCBuildConfiguration section */

/* Begin XCConfigurationList section */
		F43FAD4119DD3C2300C620E8 /* Build configuration list for PBXProject "FigureMe" */ = {
			isa = XCConfigurationList;
			buildConfigurations = (
				F43FAD7019DD3C2400C620E8 /* Debug */,
				F43FAD7119DD3C2400C620E8 /* Release */,
			);
			defaultConfigurationIsVisible = 0;
			defaultConfigurationName = Release;
		};
		F43FAD7219DD3C2400C620E8 /* Build configuration list for PBXNativeTarget "FigureMe" */ = {
			isa = XCConfigurationList;
			buildConfigurations = (
				F43FAD7319DD3C2400C620E8 /* Debug */,
				F43FAD7419DD3C2400C620E8 /* Release */,
			);
			defaultConfigurationIsVisible = 0;
			defaultConfigurationName = Release;
		};
		F43FAD7519DD3C2400C620E8 /* Build configuration list for PBXNativeTarget "FigureMeTests" */ = {
			isa = XCConfigurationList;
			buildConfigurations = (
				F43FAD7619DD3C2400C620E8 /* Debug */,
				F43FAD7719DD3C2400C620E8 /* Release */,
			);
			defaultConfigurationIsVisible = 0;
			defaultConfigurationName = Release;
		};
/* End XCConfigurationList section */
	};
	rootObject = F43FAD3E19DD3C2300C620E8 /* Project object */;
}
